
Microsoft Visual Studio Solution File, Format Version 12.00
# Visual Studio Version 17
VisualStudioVersion = 17.9.34723.18
MinimumVisualStudioVersion = 10.0.40219.1
Project("{2150E333-8FDC-42A3-9474-1A3956D46DE8}") = "Services", "Services", "{8B438A12-EBCD-40BF-BE17-141A3EFBE822}"
EndProject
Project("{2150E333-8FDC-42A3-9474-1A3956D46DE8}") = "Catalog", "Catalog", "{C243552E-E35C-4B04-B129-D84D20E216D7}"
EndProject
Project("{9A19103F-16F7-4668-BE54-9A1E7A4F7556}") = "ECommerce.Catalog.API", "src\Services\Catalog\ECommerce.Catalog.API\ECommerce.Catalog.API.csproj", "{7545B2EC-D6C4-461C-9F79-90BFC9F3C3C9}"
EndProject
Project("{2150E333-8FDC-42A3-9474-1A3956D46DE8}") = "BuildingBlocks", "BuildingBlocks", "{FC9C23B0-A466-4DDD-A76B-668F6E15B738}"
EndProject
Project("{9A19103F-16F7-4668-BE54-9A1E7A4F7556}") = "ECommerce.Shared", "src\Shared\ECommerce.Shared\ECommerce.Shared.csproj", "{5B7A61FD-F60E-43D2-915B-35091D33BB85}"
EndProject
Project("{E53339B2-1760-4266-BCC7-CA923CBCF16C}") = "docker-compose", "docker-compose.dcproj", "{A95FFDE5-57D7-404B-AB3C-6CB06D91CF12}"
EndProject
Project("{2150E333-8FDC-42A3-9474-1A3956D46DE8}") = "Basket", "Basket", "{6CC48BB1-3150-4287-8016-306A13D9611F}"
EndProject
Project("{9A19103F-16F7-4668-BE54-9A1E7A4F7556}") = "ECommerce.Basket.API", "src\Services\Basket\ECommerce.Basket.API\ECommerce.Basket.API.csproj", "{B9B4AFF2-1D89-4C1C-9655-C82B0D42AB05}"
EndProject
Project("{2150E333-8FDC-42A3-9474-1A3956D46DE8}") = "Discount", "Discount", "{7DD38F5A-421B-44FF-875B-46FF635EA563}"
EndProject
Project("{9A19103F-16F7-4668-BE54-9A1E7A4F7556}") = "ECommerce.Discount.Grpc", "src\Services\Discount\ECommerce.Discount.Grpc\ECommerce.Discount.Grpc.csproj", "{92D0A389-4698-4EAE-9BB4-CFDDF106BF34}"
EndProject
Project("{2150E333-8FDC-42A3-9474-1A3956D46DE8}") = "SolutionFiles", "SolutionFiles", "{27C2E265-19EB-4D06-964F-6578F48728A9}"
	ProjectSection(SolutionItems) = preProject
		dockerCommands.txt = dockerCommands.txt
	EndProjectSection
EndProject
Global
	GlobalSection(SolutionConfigurationPlatforms) = preSolution
		Debug|Any CPU = Debug|Any CPU
		Release|Any CPU = Release|Any CPU
	EndGlobalSection
	GlobalSection(ProjectConfigurationPlatforms) = postSolution
		{7545B2EC-D6C4-461C-9F79-90BFC9F3C3C9}.Debug|Any CPU.ActiveCfg = Debug|Any CPU
		{7545B2EC-D6C4-461C-9F79-90BFC9F3C3C9}.Debug|Any CPU.Build.0 = Debug|Any CPU
		{7545B2EC-D6C4-461C-9F79-90BFC9F3C3C9}.Release|Any CPU.ActiveCfg = Release|Any CPU
		{7545B2EC-D6C4-461C-9F79-90BFC9F3C3C9}.Release|Any CPU.Build.0 = Release|Any CPU
		{5B7A61FD-F60E-43D2-915B-35091D33BB85}.Debug|Any CPU.ActiveCfg = Debug|Any CPU
		{5B7A61FD-F60E-43D2-915B-35091D33BB85}.Debug|Any CPU.Build.0 = Debug|Any CPU
		{5B7A61FD-F60E-43D2-915B-35091D33BB85}.Release|Any CPU.ActiveCfg = Release|Any CPU
		{5B7A61FD-F60E-43D2-915B-35091D33BB85}.Release|Any CPU.Build.0 = Release|Any CPU
		{A95FFDE5-57D7-404B-AB3C-6CB06D91CF12}.Debug|Any CPU.ActiveCfg = Debug|Any CPU
		{A95FFDE5-57D7-404B-AB3C-6CB06D91CF12}.Debug|Any CPU.Build.0 = Debug|Any CPU
		{A95FFDE5-57D7-404B-AB3C-6CB06D91CF12}.Release|Any CPU.ActiveCfg = Release|Any CPU
		{A95FFDE5-57D7-404B-AB3C-6CB06D91CF12}.Release|Any CPU.Build.0 = Release|Any CPU
		{B9B4AFF2-1D89-4C1C-9655-C82B0D42AB05}.Debug|Any CPU.ActiveCfg = Debug|Any CPU
		{B9B4AFF2-1D89-4C1C-9655-C82B0D42AB05}.Debug|Any CPU.Build.0 = Debug|Any CPU
		{B9B4AFF2-1D89-4C1C-9655-C82B0D42AB05}.Release|Any CPU.ActiveCfg = Release|Any CPU
		{B9B4AFF2-1D89-4C1C-9655-C82B0D42AB05}.Release|Any CPU.Build.0 = Release|Any CPU
		{92D0A389-4698-4EAE-9BB4-CFDDF106BF34}.Debug|Any CPU.ActiveCfg = Debug|Any CPU
		{92D0A389-4698-4EAE-9BB4-CFDDF106BF34}.Debug|Any CPU.Build.0 = Debug|Any CPU
		{92D0A389-4698-4EAE-9BB4-CFDDF106BF34}.Release|Any CPU.ActiveCfg = Release|Any CPU
		{92D0A389-4698-4EAE-9BB4-CFDDF106BF34}.Release|Any CPU.Build.0 = Release|Any CPU
	EndGlobalSection
	GlobalSection(SolutionProperties) = preSolution
		HideSolutionNode = FALSE
	EndGlobalSection
	GlobalSection(NestedProjects) = preSolution
		{C243552E-E35C-4B04-B129-D84D20E216D7} = {8B438A12-EBCD-40BF-BE17-141A3EFBE822}
		{7545B2EC-D6C4-461C-9F79-90BFC9F3C3C9} = {C243552E-E35C-4B04-B129-D84D20E216D7}
		{5B7A61FD-F60E-43D2-915B-35091D33BB85} = {FC9C23B0-A466-4DDD-A76B-668F6E15B738}
		{6CC48BB1-3150-4287-8016-306A13D9611F} = {8B438A12-EBCD-40BF-BE17-141A3EFBE822}
		{B9B4AFF2-1D89-4C1C-9655-C82B0D42AB05} = {6CC48BB1-3150-4287-8016-306A13D9611F}
		{7DD38F5A-421B-44FF-875B-46FF635EA563} = {8B438A12-EBCD-40BF-BE17-141A3EFBE822}
		{92D0A389-4698-4EAE-9BB4-CFDDF106BF34} = {7DD38F5A-421B-44FF-875B-46FF635EA563}
	EndGlobalSection
	GlobalSection(ExtensibilityGlobals) = postSolution
		SolutionGuid = {BE882A6A-7AE1-472E-BEE1-20767E5A531B}
	EndGlobalSection
EndGlobal
